
Microsoft Visual Studio Solution File, Format Version 12.00
# Visual Studio Version 16
VisualStudioVersion = 16.0.33423.256
MinimumVisualStudioVersion = 10.0.40219.1
Project("{FAE04EC0-301F-11D3-BF4B-00C04F79EFBC}") = "FirstProject", "FirstProject\FirstProject.csproj", "{71DF8437-4171-44CE-BA00-DD99387EB25B}"
EndProject
Global
	GlobalSection(SolutionConfigurationPlatforms) = preSolution
		Debug|Any CPU = Debug|Any CPU
		Release|Any CPU = Release|Any CPU
	EndGlobalSection
	GlobalSection(ProjectConfigurationPlatforms) = postSolution
		{71DF8437-4171-44CE-BA00-DD99387EB25B}.Debug|Any CPU.ActiveCfg = Debug|Any CPU
		{71DF8437-4171-44CE-BA00-DD99387EB25B}.Debug|Any CPU.Build.0 = Debug|Any CPU
		{71DF8437-4171-44CE-BA00-DD99387EB25B}.Release|Any CPU.ActiveCfg = Release|Any CPU
		{71DF8437-4171-44CE-BA00-DD99387EB25B}.Release|Any CPU.Build.0 = Release|Any CPU
	EndGlobalSection
	GlobalSection(SolutionProperties) = preSolution
		HideSolutionNode = FALSE
	EndGlobalSection
	GlobalSection(ExtensibilityGlobals) = postSolution
		SolutionGuid = {0D9E6FA7-13C1-45FA-B28F-07D1B3B3FCAD}
	EndGlobalSection
EndGlobal
